gioui.org v0.10.1 h1:Dvp6iDk9RKuZk19jxhOmb4p673CLVvb656LyMxQ+uO0=
gioui.org v0.10.1/go.mod h1:MZJZsdEPkTBzChdqeE8CiiQhreUQBj43qusDxQNDf7k=
gioui.org/shader v1.0.8 h1:6ks0o/A+b0ne7RzEqRZK5f4Gboz2CfG+mVliciy6+qA=
gioui.org/shader v1.0.8/go.mod h1:mWdiME581d/kV7/iEhLmUgUK5iZ09XR5XpduXzbePVM=
golang.org/x/sys v0.47.0 h1:o7XGOvZQCADBQQ4Y7VNq2dRWQR7JmOUW8Kxx4ZsNgWs=
golang.org/x/sys v0.47.0/go.mod h1:4GL1E5IUh+htKOUEOaiffhrAeqysfVGipDYzABqnCmw=
